
Microsoft Visual Studio Solution File, Format Version 12.00
# Visual Studio Version 17
VisualStudioVersion = 17.2.32526.322
MinimumVisualStudioVersion = 10.0.40219.1
Project("{FAE04EC0-301F-11D3-BF4B-00C04F79EFBC}") = "api", "api\api.csproj", "{CE65B490-3FDE-4B29-9D22-0408143584CE}"
EndProject
Global
	GlobalSection(SolutionConfigurationPlatforms) = preSolution
		Debug|Any CPU = Debug|Any CPU
		Release|Any CPU = Release|Any CPU
	EndGlobalSection
	GlobalSection(ProjectConfigurationPlatforms) = postSolution
		{CE65B490-3FDE-4B29-9D22-0408143584CE}.Debug|Any CPU.ActiveCfg = Debug|Any CPU
		{CE65B490-3FDE-4B29-9D22-0408143584CE}.Debug|Any CPU.Build.0 = Debug|Any CPU
		{CE65B490-3FDE-4B29-9D22-0408143584CE}.Release|Any CPU.ActiveCfg = Release|Any CPU
		{CE65B490-3FDE-4B29-9D22-0408143584CE}.Release|Any CPU.Build.0 = Release|Any CPU
	EndGlobalSection
	GlobalSection(SolutionProperties) = preSolution
		HideSolutionNode = FALSE
	EndGlobalSection
	GlobalSection(ExtensibilityGlobals) = postSolution
		SolutionGuid = {6DABAB94-202A-4041-8C2D-63620AE42CED}
	EndGlobalSection
EndGlobal
